// !$*UTF8*$!
{
	archiveVersion = 1;
	classes = {
	};
	objectVersion = 46;
	objects = {

/* Begin PBXBuildFile section */
		CC1009AF1F099C0F0023814D /* InstructionsViewController.swift in Sources */ = {isa = PBXBuildFile; fileRef = CC1009AE1F099C0F0023814D /* InstructionsViewController.swift */; };
		CC1D6B9C1ED72D9200EB56FB /* TimeGameViewController.swift in Sources */ = {isa = PBXBuildFile; fileRef = CC1D6B9B1ED72D9200EB56FB /* TimeGameViewController.swift */; };
		CC1D6BA01EDE549F00EB56FB /* Save.swift in Sources */ = {isa = PBXBuildFile; fileRef = CC1D6B9F1EDE549F00EB56FB /* Save.swift */; };
		CC38F7661EF8DA590032EB0D /* Tile.swift in Sources */ = {isa = PBXBuildFile; fileRef = CC38F7651EF8DA590032EB0D /* Tile.swift */; };
		CC38F7681EF9C0FF0032EB0D /* StringExtension.swift in Sources */ = {isa = PBXBuildFile; fileRef = CC38F7671EF9C0FF0032EB0D /* StringExtension.swift */; };
		CC3A4B2E1EB0F3F300C5E2A5 /* AppDelegate.swift in Sources */ = {isa = PBXBuildFile; fileRef = CC3A4B2D1EB0F3F300C5E2A5 /* AppDelegate.swift */; };
		CC3A4B331EB0F3F300C5E2A5 /* Main.storyboard in Resources */ = {isa = PBXBuildFile; fileRef = CC3A4B311EB0F3F300C5E2A5 /* Main.storyboard */; };
		CC3A4B361EB0F3F300C5E2A5 /* TheWordGame.xcdatamodeld in Sources */ = {isa = PBXBuildFile; fileRef = CC3A4B341EB0F3F300C5E2A5 /* TheWordGame.xcdatamodeld */; };
		CC3A4B381EB0F3F300C5E2A5 /* Assets.xcassets in Resources */ = {isa = PBXBuildFile; fileRef = CC3A4B371EB0F3F300C5E2A5 /* Assets.xcassets */; };
		CC3A4B3B1EB0F3F300C5E2A5 /* LaunchScreen.storyboard in Resources */ = {isa = PBXBuildFile; fileRef = CC3A4B391EB0F3F300C5E2A5 /* LaunchScreen.storyboard */; };
		CC3A4B461EB0F3F300C5E2A5 /* TheWordGameTests.swift in Sources */ = {isa = PBXBuildFile; fileRef = CC3A4B451EB0F3F300C5E2A5 /* TheWordGameTests.swift */; };
		CC3A4B511EB0F3F300C5E2A5 /* TheWordGameUITests.swift in Sources */ = {isa = PBXBuildFile; fileRef = CC3A4B501EB0F3F300C5E2A5 /* TheWordGameUITests.swift */; };
		CC5CCC551EF0702E007E38E0 /* GameViewController.swift in Sources */ = {isa = PBXBuildFile; fileRef = CC5CCC541EF0702E007E38E0 /* GameViewController.swift */; };
		CC5CCC571EF074FC007E38E0 /* WordGameUI.swift in Sources */ = {isa = PBXBuildFile; fileRef = CC5CCC561EF074FC007E38E0 /* WordGameUI.swift */; };
		CCA640301EE0A1D0009EC2AE /* StatsViewController.swift in Sources */ = {isa = PBXBuildFile; fileRef = CCA6402F1EE0A1D0009EC2AE /* StatsViewController.swift */; };
		CCA6AA861EB26FB600B307D9 /* ZenGameViewController.swift in Sources */ = {isa = PBXBuildFile; fileRef = CCA6AA841EB26FB600B307D9 /* ZenGameViewController.swift */; };
		CCA6AA871EB26FB600B307D9 /* PastWordCell.swift in Sources */ = {isa = PBXBuildFile; fileRef = CCA6AA851EB26FB600B307D9 /* PastWordCell.swift */; };
		CCA6AA891EB270FB00B307D9 /* PastWordsTableView.swift in Sources */ = {isa = PBXBuildFile; fileRef = CCA6AA881EB270FB00B307D9 /* PastWordsTableView.swift */; };
		CCA6AA901EB2761D00B307D9 /* WordGame.swift in Sources */ = {isa = PBXBuildFile; fileRef = CCA6AA8C1EB2761D00B307D9 /* WordGame.swift */; };
		CCA6AA911EB2761D00B307D9 /* common.txt in Resources */ = {isa = PBXBuildFile; fileRef = CCA6AA8D1EB2761D00B307D9 /* common.txt */; };
		CCA6AA921EB2761D00B307D9 /* dictionary.txt in Resources */ = {isa = PBXBuildFile; fileRef = CCA6AA8E1EB2761D00B307D9 /* dictionary.txt */; };
		CCEA77501EF0E1AB0002F559 /* MainMenuViewController.swift in Sources */ = {isa = PBXBuildFile; fileRef = CCEA774F1EF0E1AB0002F559 /* MainMenuViewController.swift */; };
		CCEA77521EF1DC760002F559 /* PlayerSetupViewController.swift in Sources */ = {isa = PBXBuildFile; fileRef = CCEA77511EF1DC760002F559 /* PlayerSetupViewController.swift */; };
		CCEA77561EF1DD8B0002F559 /* PlayerData.swift in Sources */ = {isa = PBXBuildFile; fileRef = CCEA77551EF1DD8B0002F559 /* PlayerData.swift */; };
		CCEA77581EF1E3A90002F559 /* PassPlayViewController.swift in Sources */ = {isa = PBXBuildFile; fileRef = CCEA77571EF1E3A90002F559 /* PassPlayViewController.swift */; };
/* End PBXBuildFile section */

/* Begin PBXContainerItemProxy section */
		CC3A4B421EB0F3F300C5E2A5 /* PBXContainerItemProxy */ = {
			isa = PBXContainerItemProxy;
			containerPortal = CC3A4B221EB0F3F300C5E2A5 /* Project object */;
			proxyType = 1;
			remoteGlobalIDString = CC3A4B291EB0F3F300C5E2A5;
			remoteInfo = TheWordGame;
		};
		CC3A4B4D1EB0F3F300C5E2A5 /* PBXContainerItemProxy */ = {
			isa = PBXContainerItemProxy;
			containerPortal = CC3A4B221EB0F3F300C5E2A5 /* Project object */;
			proxyType = 1;
			remoteGlobalIDString = CC3A4B291EB0F3F300C5E2A5;
			remoteInfo = TheWordGame;
		};
/* End PBXContainerItemProxy section */

/* Begin PBXFileReference section */
		CC1009AE1F099C0F0023814D /* InstructionsViewController.swift */ = {isa = PBXFileReference; fileEncoding = 4; lastKnownFileType = sourcecode.swift; path = InstructionsViewController.swift; sourceTree = "<group>"; };
		CC1D6B9B1ED72D9200EB56FB /* TimeGameViewController.swift */ = {isa = PBXFileReference; fileEncoding = 4; lastKnownFileType = sourcecode.swift; path = TimeGameViewController.swift; sourceTree = "<group>"; };
		CC1D6B9F1EDE549F00EB56FB /* Save.swift */ = {isa = PBXFileReference; fileEncoding = 4; lastKnownFileType = sourcecode.swift; path = Save.swift; sourceTree = "<group>"; };
		CC38F7651EF8DA590032EB0D /* Tile.swift */ = {isa = PBXFileReference; fileEncoding = 4; lastKnownFileType = sourcecode.swift; path = Tile.swift; sourceTree = "<group>"; };
		CC38F7671EF9C0FF0032EB0D /* StringExtension.swift */ = {isa = PBXFileReference; fileEncoding = 4; lastKnownFileType = sourcecode.swift; path = StringExtension.swift; sourceTree = "<group>"; };
		CC3A4B2A1EB0F3F300C5E2A5 /* TheWordGame.app */ = {isa = PBXFileReference; explicitFileType = wrapper.application; includeInIndex = 0; path = TheWordGame.app; sourceTree = BUILT_PRODUCTS_DIR; };
		CC3A4B2D1EB0F3F300C5E2A5 /* AppDelegate.swift */ = {isa = PBXFileReference; lastKnownFileType = sourcecode.swift; path = AppDelegate.swift; sourceTree = "<group>"; };
		CC3A4B321EB0F3F300C5E2A5 /* Base */ = {isa = PBXFileReference; lastKnownFileType = file.storyboard; name = Base; path = Base.lproj/Main.storyboard; sourceTree = "<group>"; };
		CC3A4B351EB0F3F300C5E2A5 /* TheWordGame.xcdatamodel */ = {isa = PBXFileReference; lastKnownFileType = wrapper.xcdatamodel; path = TheWordGame.xcdatamodel; sourceTree = "<group>"; };
		CC3A4B371EB0F3F300C5E2A5 /* Assets.xcassets */ = {isa = PBXFileReference; lastKnownFileType = folder.assetcatalog; path = Assets.xcassets; sourceTree = "<group>"; };
		CC3A4B3A1EB0F3F300C5E2A5 /* Base */ = {isa = PBXFileReference; lastKnownFileType = file.storyboard; name = Base; path = Base.lproj/LaunchScreen.storyboard; sourceTree = "<group>"; };
		CC3A4B3C1EB0F3F300C5E2A5 /* Info.plist */ = {isa = PBXFileReference; lastKnownFileType = text.plist.xml; path = Info.plist; sourceTree = "<group>"; };
		CC3A4B411EB0F3F300C5E2A5 /* TheWordGameTests.xctest */ = {isa = PBXFileReference; explicitFileType = wrapper.cfbundle; includeInIndex = 0; path = TheWordGameTests.xctest; sourceTree = BUILT_PRODUCTS_DIR; };
		CC3A4B451EB0F3F300C5E2A5 /* TheWordGameTests.swift */ = {isa = PBXFileReference; lastKnownFileType = sourcecode.swift; path = TheWordGameTests.swift; sourceTree = "<group>"; };
		CC3A4B471EB0F3F300C5E2A5 /* Info.plist */ = {isa = PBXFileReference; lastKnownFileType = text.plist.xml; path = Info.plist; sourceTree = "<group>"; };
		CC3A4B4C1EB0F3F300C5E2A5 /* TheWordGameUITests.xctest */ = {isa = PBXFileReference; explicitFileType = wrapper.cfbundle; includeInIndex = 0; path = TheWordGameUITests.xctest; sourceTree = BUILT_PRODUCTS_DIR; };
		CC3A4B501EB0F3F300C5E2A5 /* TheWordGameUITests.swift */ = {isa = PBXFileReference; lastKnownFileType = sourcecode.swift; path = TheWordGameUITests.swift; sourceTree = "<group>"; };
		CC3A4B521EB0F3F300C5E2A5 /* Info.plist */ = {isa = PBXFileReference; lastKnownFileType = text.plist.xml; path = Info.plist; sourceTree = "<group>"; };
		CC5CCC541EF0702E007E38E0 /* GameViewController.swift */ = {isa = PBXFileReference; fileEncoding = 4; lastKnownFileType = sourcecode.swift; path = GameViewController.swift; sourceTree = "<group>"; };
		CC5CCC561EF074FC007E38E0 /* WordGameUI.swift */ = {isa = PBXFileReference; fileEncoding = 4; lastKnownFileType = sourcecode.swift; path = WordGameUI.swift; sourceTree = "<group>"; };
		CCA6402F1EE0A1D0009EC2AE /* StatsViewController.swift */ = {isa = PBXFileReference; fileEncoding = 4; lastKnownFileType = sourcecode.swift; path = StatsViewController.swift; sourceTree = "<group>"; };
		CCA6AA841EB26FB600B307D9 /* ZenGameViewController.swift */ = {isa = PBXFileReference; fileEncoding = 4; lastKnownFileType = sourcecode.swift; path = ZenGameViewController.swift; sourceTree = "<group>"; };
		CCA6AA851EB26FB600B307D9 /* PastWordCell.swift */ = {isa = PBXFileReference; fileEncoding = 4; lastKnownFileType = sourcecode.swift; path = PastWordCell.swift; sourceTree = "<group>"; };
		CCA6AA881EB270FB00B307D9 /* PastWordsTableView.swift */ = {isa = PBXFileReference; fileEncoding = 4; lastKnownFileType = sourcecode.swift; path = PastWordsTableView.swift; sourceTree = "<group>"; };
		CCA6AA8C1EB2761D00B307D9 /* WordGame.swift */ = {isa = PBXFileReference; fileEncoding = 4; lastKnownFileType = sourcecode.swift; path = WordGame.swift; sourceTree = "<group>"; };
		CCA6AA8D1EB2761D00B307D9 /* common.txt */ = {isa = PBXFileReference; fileEncoding = 4; lastKnownFileType = text; path = common.txt; sourceTree = "<group>"; };
		CCA6AA8E1EB2761D00B307D9 /* dictionary.txt */ = {isa = PBXFileReference; fileEncoding = 4; lastKnownFileType = text; path = dictionary.txt; sourceTree = "<group>"; };
		CCEA774F1EF0E1AB0002F559 /* MainMenuViewController.swift */ = {isa = PBXFileReference; fileEncoding = 4; lastKnownFileType = sourcecode.swift; path = MainMenuViewController.swift; sourceTree = "<group>"; };
		CCEA77511EF1DC760002F559 /* PlayerSetupViewController.swift */ = {isa = PBXFileReference; fileEncoding = 4; lastKnownFileType = sourcecode.swift; path = PlayerSetupViewController.swift; sourceTree = "<group>"; };
		CCEA77551EF1DD8B0002F559 /* PlayerData.swift */ = {isa = PBXFileReference; fileEncoding = 4; lastKnownFileType = sourcecode.swift; path = PlayerData.swift; sourceTree = "<group>"; };
		CCEA77571EF1E3A90002F559 /* PassPlayViewController.swift */ = {isa = PBXFileReference; fileEncoding = 4; lastKnownFileType = sourcecode.swift; path = PassPlayViewController.swift; sourceTree = "<group>"; };
/* End PBXFileReference section */

/* Begin PBXFrameworksBuildPhase section */
		CC3A4B271EB0F3F300C5E2A5 /* Frameworks */ = {
			isa = PBXFrameworksBuildPhase;
			buildActionMask = 2147483647;
			files = (
			);
			runOnlyForDeploymentPostprocessing = 0;
		};
		CC3A4B3E1EB0F3F300C5E2A5 /* Frameworks */ = {
			isa = PBXFrameworksBuildPhase;
			buildActionMask = 2147483647;
			files = (
			);
			runOnlyForDeploymentPostprocessing = 0;
		};
		CC3A4B491EB0F3F300C5E2A5 /* Frameworks */ = {
			isa = PBXFrameworksBuildPhase;
			buildActionMask = 2147483647;
			files = (
			);
			runOnlyForDeploymentPostprocessing = 0;
		};
/* End PBXFrameworksBuildPhase section */

/* Begin PBXGroup section */
		CC38F7641EF8DA460032EB0D /* UI */ = {
			isa = PBXGroup;
			children = (
				CC38F7651EF8DA590032EB0D /* Tile.swift */,
				CC5CCC561EF074FC007E38E0 /* WordGameUI.swift */,
			);
			name = UI;
			sourceTree = "<group>";
		};
		CC3A4B211EB0F3F300C5E2A5 = {
			isa = PBXGroup;
			children = (
				CC3A4B2C1EB0F3F300C5E2A5 /* TheWordGame */,
				CC3A4B441EB0F3F300C5E2A5 /* TheWordGameTests */,
				CC3A4B4F1EB0F3F300C5E2A5 /* TheWordGameUITests */,
				CC3A4B2B1EB0F3F300C5E2A5 /* Products */,
			);
			sourceTree = "<group>";
		};
		CC3A4B2B1EB0F3F300C5E2A5 /* Products */ = {
			isa = PBXGroup;
			children = (
				CC3A4B2A1EB0F3F300C5E2A5 /* TheWordGame.app */,
				CC3A4B411EB0F3F300C5E2A5 /* TheWordGameTests.xctest */,
				CC3A4B4C1EB0F3F300C5E2A5 /* TheWordGameUITests.xctest */,
			);
			name = Products;
			sourceTree = "<group>";
		};
		CC3A4B2C1EB0F3F300C5E2A5 /* TheWordGame */ = {
			isa = PBXGroup;
			children = (
				CC38F7641EF8DA460032EB0D /* UI */,
				CCA6AA941EB2762300B307D9 /* Core */,
				CCA6AA841EB26FB600B307D9 /* ZenGameViewController.swift */,
				CCA6AA851EB26FB600B307D9 /* PastWordCell.swift */,
				CC3A4B2D1EB0F3F300C5E2A5 /* AppDelegate.swift */,
				CC3A4B311EB0F3F300C5E2A5 /* Main.storyboard */,
				CC3A4B371EB0F3F300C5E2A5 /* Assets.xcassets */,
				CC3A4B391EB0F3F300C5E2A5 /* LaunchScreen.storyboard */,
				CC3A4B3C1EB0F3F300C5E2A5 /* Info.plist */,
				CC3A4B341EB0F3F300C5E2A5 /* TheWordGame.xcdatamodeld */,
				CC1009AE1F099C0F0023814D /* InstructionsViewController.swift */,
				CCA6AA881EB270FB00B307D9 /* PastWordsTableView.swift */,
				CC1D6B9B1ED72D9200EB56FB /* TimeGameViewController.swift */,
				CCA6402F1EE0A1D0009EC2AE /* StatsViewController.swift */,
				CC5CCC541EF0702E007E38E0 /* GameViewController.swift */,
				CCEA774F1EF0E1AB0002F559 /* MainMenuViewController.swift */,
				CCEA77511EF1DC760002F559 /* PlayerSetupViewController.swift */,
				CCEA77571EF1E3A90002F559 /* PassPlayViewController.swift */,
			);
			path = TheWordGame;
			sourceTree = "<group>";
		};
		CC3A4B441EB0F3F300C5E2A5 /* TheWordGameTests */ = {
			isa = PBXGroup;
			children = (
				CC3A4B451EB0F3F300C5E2A5 /* TheWordGameTests.swift */,
				CC3A4B471EB0F3F300C5E2A5 /* Info.plist */,
			);
			path = TheWordGameTests;
			sourceTree = "<group>";
		};
		CC3A4B4F1EB0F3F300C5E2A5 /* TheWordGameUITests */ = {
			isa = PBXGroup;
			children = (
				CC3A4B501EB0F3F300C5E2A5 /* TheWordGameUITests.swift */,
				CC3A4B521EB0F3F300C5E2A5 /* Info.plist */,
			);
			path = TheWordGameUITests;
			sourceTree = "<group>";
		};
		CCA6AA941EB2762300B307D9 /* Core */ = {
			isa = PBXGroup;
			children = (
				CC1D6B9F1EDE549F00EB56FB /* Save.swift */,
				CCA6AA8C1EB2761D00B307D9 /* WordGame.swift */,
				CCA6AA8D1EB2761D00B307D9 /* common.txt */,
				CCA6AA8E1EB2761D00B307D9 /* dictionary.txt */,
				CCEA77551EF1DD8B0002F559 /* PlayerData.swift */,
				CC38F7671EF9C0FF0032EB0D /* StringExtension.swift */,
			);
			name = Core;
			sourceTree = "<group>";
		};
/* End PBXGroup section */

/* Begin PBXNativeTarget section */
		CC3A4B291EB0F3F300C5E2A5 /* TheWordGame */ = {
			isa = PBXNativeTarget;
			buildConfigurationList = CC3A4B551EB0F3F300C5E2A5 /* Build configuration list for PBXNativeTarget "TheWordGame" */;
			buildPhases = (
				CC3A4B261EB0F3F300C5E2A5 /* Sources */,
				CC3A4B271EB0F3F300C5E2A5 /* Frameworks */,
				CC3A4B281EB0F3F300C5E2A5 /* Resources */,
			);
			buildRules = (
			);
			dependencies = (
			);
			name = TheWordGame;
			productName = TheWordGame;
			productReference = CC3A4B2A1EB0F3F300C5E2A5 /* TheWordGame.app */;
			productType = "com.apple.product-type.application";
		};
		CC3A4B401EB0F3F300C5E2A5 /* TheWordGameTests */ = {
			isa = PBXNativeTarget;
			buildConfigurationList = CC3A4B581EB0F3F300C5E2A5 /* Build configuration list for PBXNativeTarget "TheWordGameTests" */;
			buildPhases = (
				CC3A4B3D1EB0F3F300C5E2A5 /* Sources */,
				CC3A4B3E1EB0F3F300C5E2A5 /* Frameworks */,
				CC3A4B3F1EB0F3F300C5E2A5 /* Resources */,
			);
			buildRules = (
			);
			dependencies = (
				CC3A4B431EB0F3F300C5E2A5 /* PBXTargetDependency */,
			);
			name = TheWordGameTests;
			productName = TheWordGameTests;
			productReference = CC3A4B411EB0F3F300C5E2A5 /* TheWordGameTests.xctest */;
			productType = "com.apple.product-type.bundle.unit-test";
		};
		CC3A4B4B1EB0F3F300C5E2A5 /* TheWordGameUITests */ = {
			isa = PBXNativeTarget;
			buildConfigurationList = CC3A4B5B1EB0F3F300C5E2A5 /* Build configuration list for PBXNativeTarget "TheWordGameUITests" */;
			buildPhases = (
				CC3A4B481EB0F3F300C5E2A5 /* Sources */,
				CC3A4B491EB0F3F300C5E2A5 /* Frameworks */,
				CC3A4B4A1EB0F3F300C5E2A5 /* Resources */,
			);
			buildRules = (
			);
			dependencies = (
				CC3A4B4E1EB0F3F300C5E2A5 /* PBXTargetDependency */,
			);
			name = TheWordGameUITests;
			productName = TheWordGameUITests;
			productReference = CC3A4B4C1EB0F3F300C5E2A5 /* TheWordGameUITests.xctest */;
			productType = "com.apple.product-type.bundle.ui-testing";
		};
/* End PBXNativeTarget section */

/* Begin PBXProject section */
		CC3A4B221EB0F3F300C5E2A5 /* Project object */ = {
			isa = PBXProject;
			attributes = {
				LastSwiftUpdateCheck = 0810;
				LastUpgradeCheck = 0810;
				ORGANIZATIONNAME = "Lampshade Software";
				TargetAttributes = {
					CC3A4B291EB0F3F300C5E2A5 = {
						CreatedOnToolsVersion = 8.1;
						DevelopmentTeam = K9QX3VKV28;
						ProvisioningStyle = Automatic;
					};
					CC3A4B401EB0F3F300C5E2A5 = {
						CreatedOnToolsVersion = 8.1;
						DevelopmentTeam = 39HHFY3MEN;
						ProvisioningStyle = Automatic;
						TestTargetID = CC3A4B291EB0F3F300C5E2A5;
					};
					CC3A4B4B1EB0F3F300C5E2A5 = {
						CreatedOnToolsVersion = 8.1;
						DevelopmentTeam = 39HHFY3MEN;
						ProvisioningStyle = Automatic;
						TestTargetID = CC3A4B291EB0F3F300C5E2A5;
					};
				};
			};
			buildConfigurationList = CC3A4B251EB0F3F300C5E2A5 /* Build configuration list for PBXProject "TheWordGame" */;
			compatibilityVersion = "Xcode 3.2";
			developmentRegion = English;
			hasScannedForEncodings = 0;
			knownRegions = (
				en,
				Base,
			);
			mainGroup = CC3A4B211EB0F3F300C5E2A5;
			productRefGroup = CC3A4B2B1EB0F3F300C5E2A5 /* Products */;
			projectDirPath = "";
			projectRoot = "";
			targets = (
				CC3A4B291EB0F3F300C5E2A5 /* TheWordGame */,
				CC3A4B401EB0F3F300C5E2A5 /* TheWordGameTests */,
				CC3A4B4B1EB0F3F300C5E2A5 /* TheWordGameUITests */,
			);
		};
/* End PBXProject section */

/* Begin PBXResourcesBuildPhase section */
		CC3A4B281EB0F3F300C5E2A5 /* Resources */ = {
			isa = PBXResourcesBuildPhase;
			buildActionMask = 2147483647;
			files = (
				CC3A4B3B1EB0F3F300C5E2A5 /* LaunchScreen.storyboard in Resources */,
				CCA6AA911EB2761D00B307D9 /* common.txt in Resources */,
				CC3A4B381EB0F3F300C5E2A5 /* Assets.xcassets in Resources */,
				CCA6AA921EB2761D00B307D9 /* dictionary.txt in Resources */,
				CC3A4B331EB0F3F300C5E2A5 /* Main.storyboard in Resources */,
			);
			runOnlyForDeploymentPostprocessing = 0;
		};
		CC3A4B3F1EB0F3F300C5E2A5 /* Resources */ = {
			isa = PBXResourcesBuildPhase;
			buildActionMask = 2147483647;
			files = (
			);
			runOnlyForDeploymentPostprocessing = 0;
		};
		CC3A4B4A1EB0F3F300C5E2A5 /* Resources */ = {
			isa = PBXResourcesBuildPhase;
			buildActionMask = 2147483647;
			files = (
			);
			runOnlyForDeploymentPostprocessing = 0;
		};
/* End PBXResourcesBuildPhase section */

/* Begin PBXSourcesBuildPhase section */
		CC3A4B261EB0F3F300C5E2A5 /* Sources */ = {
			isa = PBXSourcesBuildPhase;
			buildActionMask = 2147483647;
			files = (
				CC3A4B361EB0F3F300C5E2A5 /* TheWordGame.xcdatamodeld in Sources */,
				CCA6AA901EB2761D00B307D9 /* WordGame.swift in Sources */,
				CCA6AA871EB26FB600B307D9 /* PastWordCell.swift in Sources */,
				CC38F7661EF8DA590032EB0D /* Tile.swift in Sources */,
				CC1D6BA01EDE549F00EB56FB /* Save.swift in Sources */,
				CCA6AA891EB270FB00B307D9 /* PastWordsTableView.swift in Sources */,
				CCEA77521EF1DC760002F559 /* PlayerSetupViewController.swift in Sources */,
				CCA6AA861EB26FB600B307D9 /* ZenGameViewController.swift in Sources */,
				CC38F7681EF9C0FF0032EB0D /* StringExtension.swift in Sources */,
				CC3A4B2E1EB0F3F300C5E2A5 /* AppDelegate.swift in Sources */,
				CCEA77561EF1DD8B0002F559 /* PlayerData.swift in Sources */,
				CCEA77581EF1E3A90002F559 /* PassPlayViewController.swift in Sources */,
				CC1009AF1F099C0F0023814D /* InstructionsViewController.swift in Sources */,
				CCA640301EE0A1D0009EC2AE /* StatsViewController.swift in Sources */,
				CCEA77501EF0E1AB0002F559 /* MainMenuViewController.swift in Sources */,
				CC5CCC571EF074FC007E38E0 /* WordGameUI.swift in Sources */,
				CC5CCC551EF0702E007E38E0 /* GameViewController.swift in Sources */,
				CC1D6B9C1ED72D9200EB56FB /* TimeGameViewController.swift in Sources */,
			);
			runOnlyForDeploymentPostprocessing = 0;
		};
		CC3A4B3D1EB0F3F300C5E2A5 /* Sources */ = {
			isa = PBXSourcesBuildPhase;
			buildActionMask = 2147483647;
			files = (
				CC3A4B461EB0F3F300C5E2A5 /* TheWordGameTests.swift in Sources */,
			);
			runOnlyForDeploymentPostprocessing = 0;
		};
		CC3A4B481EB0F3F300C5E2A5 /* Sources */ = {
			isa = PBXSourcesBuildPhase;
			buildActionMask = 2147483647;
			files = (
				CC3A4B511EB0F3F300C5E2A5 /* TheWordGameUITests.swift in Sources */,
			);
			runOnlyForDeploymentPostprocessing = 0;
		};
/* End PBXSourcesBuildPhase section */

/* Begin PBXTargetDependency section */
		CC3A4B431EB0F3F300C5E2A5 /* PBXTargetDependency */ = {
			isa = PBXTargetDependency;
			target = CC3A4B291EB0F3F300C5E2A5 /* TheWordGame */;
			targetProxy = CC3A4B421EB0F3F300C5E2A5 /* PBXContainerItemProxy */;
		};
		CC3A4B4E1EB0F3F300C5E2A5 /* PBXTargetDependency */ = {
			isa = PBXTargetDependency;
			target = CC3A4B291EB0F3F300C5E2A5 /* TheWordGame */;
			targetProxy = CC3A4B4D1EB0F3F300C5E2A5 /* PBXContainerItemProxy */;
		};
/* End PBXTargetDependency section */

/* Begin PBXVariantGroup section */
		CC3A4B311EB0F3F300C5E2A5 /* Main.storyboard */ = {
			isa = PBXVariantGroup;
			children = (
				CC3A4B321EB0F3F300C5E2A5 /* Base */,
			);
			name = Main.storyboard;
			sourceTree = "<group>";
		};
		CC3A4B391EB0F3F300C5E2A5 /* LaunchScreen.storyboard */ = {
			isa = PBXVariantGroup;
			children = (
				CC3A4B3A1EB0F3F300C5E2A5 /* Base */,
			);
			name = LaunchScreen.storyboard;
			sourceTree = "<group>";
		};
/* End PBXVariantGroup section */

/* Begin XCBuildConfiguration section */
		CC3A4B531EB0F3F300C5E2A5 /* Debug */ = {
			isa = XCBuildConfiguration;
			buildSettings = {
				ALWAYS_SEARCH_USER_PATHS = NO;
				CLANG_ANALYZER_NONNULL = YES;
				CLANG_CXX_LANGUAGE_STANDARD = "gnu++0x";
				CLANG_CXX_LIBRARY = "libc++";
				CLANG_ENABLE_MODULES = YES;
				CLANG_ENABLE_OBJC_ARC = YES;
				CLANG_WARN_BOOL_CONVERSION = YES;
				CLANG_WARN_CONSTANT_CONVERSION = YES;
				CLANG_WARN_DIRECT_OBJC_ISA_USAGE = YES_ERROR;
				CLANG_WARN_DOCUMENTATION_COMMENTS = YES;
				CLANG_WARN_EMPTY_BODY = YES;
				CLANG_WARN_ENUM_CONVERSION = YES;
				CLANG_WARN_INFINITE_RECURSION = YES;
				CLANG_WARN_INT_CONVERSION = YES;
				CLANG_WARN_OBJC_ROOT_CLASS = YES_ERROR;
				CLANG_WARN_SUSPICIOUS_MOVES = YES;
				CLANG_WARN_UNREACHABLE_CODE = YES;
				CLANG_WARN__DUPLICATE_METHOD_MATCH = YES;
				"CODE_SIGN_IDENTITY[sdk=iphoneos*]" = "iPhone Developer";
				COPY_PHASE_STRIP = NO;
				DEBUG_INFORMATION_FORMAT = dwarf;
				ENABLE_STRICT_OBJC_MSGSEND = YES;
				ENABLE_TESTABILITY = YES;
				GCC_C_LANGUAGE_STANDARD = gnu99;
				GCC_DYNAMIC_NO_PIC = NO;
				GCC_NO_COMMON_BLOCKS = YES;
				GCC_OPTIMIZATION_LEVEL = 0;
				GCC_PREPROCESSOR_DEFINITIONS = (
					"DEBUG=1",
					"$(inherited)",
				);
				GCC_WARN_64_TO_32_BIT_CONVERSION = YES;
				GCC_WARN_ABOUT_RETURN_TYPE = YES_ERROR;
				GCC_WARN_UNDECLARED_SELECTOR = YES;
				GCC_WARN_UNINITIALIZED_AUTOS = YES_AGGRESSIVE;
				GCC_WARN_UNUSED_FUNCTION = YES;
				GCC_WARN_UNUSED_VARIABLE = YES;
				IPHONEOS_DEPLOYMENT_TARGET = 9.1;
				MTL_ENABLE_DEBUG_INFO = YES;
				ONLY_ACTIVE_ARCH = YES;
				SDKROOT = iphoneos;
				SWIFT_ACTIVE_COMPILATION_CONDITIONS = DEBUG;
				SWIFT_OPTIMIZATION_LEVEL = "-Onone";
				TARGETED_DEVICE_FAMILY = "1,2";
			};
			name = Debug;
		};
		CC3A4B541EB0F3F300C5E2A5 /* Release */ = {
			isa = XCBuildConfiguration;
			buildSettings = {
				ALWAYS_SEARCH_USER_PATHS = NO;
				CLANG_ANALYZER_NONNULL = YES;
				CLANG_CXX_LANGUAGE_STANDARD = "gnu++0x";
				CLANG_CXX_LIBRARY = "libc++";
				CLANG_ENABLE_MODULES = YES;
				CLANG_ENABLE_OBJC_ARC = YES;
				CLANG_WARN_BOOL_CONVERSION = YES;
				CLANG_WARN_CONSTANT_CONVERSION = YES;
				CLANG_WARN_DIRECT_OBJC_ISA_USAGE = YES_ERROR;
				CLANG_WARN_DOCUMENTATION_COMMENTS = YES;
				CLANG_WARN_EMPTY_BODY = YES;
				CLANG_WARN_ENUM_CONVERSION = YES;
				CLANG_WARN_INFINITE_RECURSION = YES;
				CLANG_WARN_INT_CONVERSION = YES;
				CLANG_WARN_OBJC_ROOT_CLASS = YES_ERROR;
				CLANG_WARN_SUSPICIOUS_MOVES = YES;
				CLANG_WARN_UNREACHABLE_CODE = YES;
				CLANG_WARN__DUPLICATE_METHOD_MATCH = YES;
				"CODE_SIGN_IDENTITY[sdk=iphoneos*]" = "iPhone Developer";
				COPY_PHASE_STRIP = NO;
				DEBUG_INFORMATION_FORMAT = "dwarf-with-dsym";
				ENABLE_NS_ASSERTIONS = NO;
				ENABLE_STRICT_OBJC_MSGSEND = YES;
				GCC_C_LANGUAGE_STANDARD = gnu99;
				GCC_NO_COMMON_BLOCKS = YES;
				GCC_WARN_64_TO_32_BIT_CONVERSION = YES;
				GCC_WARN_ABOUT_RETURN_TYPE = YES_ERROR;
				GCC_WARN_UNDECLARED_SELECTOR = YES;
				GCC_WARN_UNINITIALIZED_AUTOS = YES_AGGRESSIVE;
				GCC_WARN_UNUSED_FUNCTION = YES;
				GCC_WARN_UNUSED_VARIABLE = YES;
				IPHONEOS_DEPLOYMENT_TARGET = 9.1;
				MTL_ENABLE_DEBUG_INFO = NO;
				SDKROOT = iphoneos;
				SWIFT_OPTIMIZATION_LEVEL = "-Owholemodule";
				TARGETED_DEVICE_FAMILY = "1,2";
				VALIDATE_PRODUCT = YES;
			};
			name = Release;
		};
		CC3A4B561EB0F3F300C5E2A5 /* Debug */ = {
			isa = XCBuildConfiguration;
			buildSettings = {
				ASSETCATALOG_COMPILER_APPICON_NAME = AppIcon;
				DEVELOPMENT_TEAM = K9QX3VKV28;
				INFOPLIST_FILE = TheWordGame/Info.plist;
				IPHONEOS_DEPLOYMENT_TARGET = 9.1;
				LD_RUNPATH_SEARCH_PATHS = "$(inherited) @executable_path/Frameworks";
				PRODUCT_BUNDLE_IDENTIFIER = com.lampshadesoftware.thewordgame;
				PRODUCT_NAME = "$(TARGET_NAME)";
				SWIFT_VERSION = 3.0;
			};
			name = Debug;
		};
		CC3A4B571EB0F3F300C5E2A5 /* Release */ = {
			isa = XCBuildConfiguration;
			buildSettings = {
				ASSETCATALOG_COMPILER_APPICON_NAME = AppIcon;
				DEVELOPMENT_TEAM = K9QX3VKV28;
				INFOPLIST_FILE = TheWordGame/Info.plist;
				IPHONEOS_DEPLOYMENT_TARGET = 9.1;
				LD_RUNPATH_SEARCH_PATHS = "$(inherited) @executable_path/Frameworks";
				PRODUCT_BUNDLE_IDENTIFIER = com.lampshadesoftware.thewordgame;
				PRODUCT_NAME = "$(TARGET_NAME)";
				SWIFT_VERSION = 3.0;
			};
			name = Release;
		};
		CC3A4B591EB0F3F300C5E2A5 /* Debug */ = {
			isa = XCBuildConfiguration;
			buildSettings = {
				ALWAYS_EMBED_SWIFT_STANDARD_LIBRARIES = YES;
				BUNDLE_LOADER = "$(TEST_HOST)";
				DEVELOPMENT_TEAM = 39HHFY3MEN;
				INFOPLIST_FILE = TheWordGameTests/Info.plist;
				LD_RUNPATH_SEARCH_PATHS = "$(inherited) @executable_path/Frameworks @loader_path/Frameworks";
				PRODUCT_BUNDLE_IDENTIFIER = LSS.TheWordGameTests;
				PRODUCT_NAME = "$(TARGET_NAME)";
				SWIFT_VERSION = 3.0;
				TEST_HOST = "$(BUILT_PRODUCTS_DIR)/TheWordGame.app/TheWordGame";
			};
			name = Debug;
		};
		CC3A4B5A1EB0F3F300C5E2A5 /* Release */ = {
			isa = XCBuildConfiguration;
			buildSettings = {
				ALWAYS_EMBED_SWIFT_STANDARD_LIBRARIES = YES;
				BUNDLE_LOADER = "$(TEST_HOST)";
				DEVELOPMENT_TEAM = 39HHFY3MEN;
				INFOPLIST_FILE = TheWordGameTests/Info.plist;
				LD_RUNPATH_SEARCH_PATHS = "$(inherited) @executable_path/Frameworks @loader_path/Frameworks";
				PRODUCT_BUNDLE_IDENTIFIER = LSS.TheWordGameTests;
				PRODUCT_NAME = "$(TARGET_NAME)";
				SWIFT_VERSION = 3.0;
				TEST_HOST = "$(BUILT_PRODUCTS_DIR)/TheWordGame.app/TheWordGame";
			};
			name = Release;
		};
		CC3A4B5C1EB0F3F300C5E2A5 /* Debug */ = {
			isa = XCBuildConfiguration;
			buildSettings = {
				ALWAYS_EMBED_SWIFT_STANDARD_LIBRARIES = YES;
				DEVELOPMENT_TEAM = 39HHFY3MEN;
				INFOPLIST_FILE = TheWordGameUITests/Info.plist;
				LD_RUNPATH_SEARCH_PATHS = "$(inherited) @executable_path/Frameworks @loader_path/Frameworks";
				PRODUCT_BUNDLE_IDENTIFIER = LSS.TheWordGameUITests;
				PRODUCT_NAME = "$(TARGET_NAME)";
				SWIFT_VERSION = 3.0;
				TEST_TARGET_NAME = TheWordGame;
			};
			name = Debug;
		};
		CC3A4B5D1EB0F3F300C5E2A5 /* Release */ = {
			isa = XCBuildConfiguration;
			buildSettings = {
				ALWAYS_EMBED_SWIFT_STANDARD_LIBRARIES = YES;
				DEVELOPMENT_TEAM = 39HHFY3MEN;
				INFOPLIST_FILE = TheWordGameUITests/Info.plist;
				LD_RUNPATH_SEARCH_PATHS = "$(inherited) @executable_path/Frameworks @loader_path/Frameworks";
				PRODUCT_BUNDLE_IDENTIFIER = LSS.TheWordGameUITests;
				PRODUCT_NAME = "$(TARGET_NAME)";
				SWIFT_VERSION = 3.0;
				TEST_TARGET_NAME = TheWordGame;
			};
			name = Release;
		};
/* End XCBuildConfiguration section */

/* Begin XCConfigurationList section */
		CC3A4B251EB0F3F300C5E2A5 /* Build configuration list for PBXProject "TheWordGame" */ = {
			isa = XCConfigurationList;
			buildConfigurations = (
				CC3A4B531EB0F3F300C5E2A5 /* Debug */,
				CC3A4B541EB0F3F300C5E2A5 /* Release */,
			);
			defaultConfigurationIsVisible = 0;
			defaultConfigurationName = Release;
		};
		CC3A4B551EB0F3F300C5E2A5 /* Build configuration list for PBXNativeTarget "TheWordGame" */ = {
			isa = XCConfigurationList;
			buildConfigurations = (
				CC3A4B561EB0F3F300C5E2A5 /* Debug */,
				CC3A4B571EB0F3F300C5E2A5 /* Release */,
			);
			defaultConfigurationIsVisible = 0;
			defaultConfigurationName = Release;
		};
		CC3A4B581EB0F3F300C5E2A5 /* Build configuration list for PBXNativeTarget "TheWordGameTests" */ = {
			isa = XCConfigurationList;
			buildConfigurations = (
				CC3A4B591EB0F3F300C5E2A5 /* Debug */,
				CC3A4B5A1EB0F3F300C5E2A5 /* Release */,
			);
			defaultConfigurationIsVisible = 0;
			defaultConfigurationName = Release;
		};
		CC3A4B5B1EB0F3F300C5E2A5 /* Build configuration list for PBXNativeTarget "TheWordGameUITests" */ = {
			isa = XCConfigurationList;
			buildConfigurations = (
				CC3A4B5C1EB0F3F300C5E2A5 /* Debug */,
				CC3A4B5D1EB0F3F300C5E2A5 /* Release */,
			);
			defaultConfigurationIsVisible = 0;
			defaultConfigurationName = Release;
		};
/* End XCConfigurationList section */

/* Begin XCVersionGroup section */
		CC3A4B341EB0F3F300C5E2A5 /* TheWordGame.xcdatamodeld */ = {
			isa = XCVersionGroup;
			children = (
				CC3A4B351EB0F3F300C5E2A5 /* TheWordGame.xcdatamodel */,
			);
			currentVersion = CC3A4B351EB0F3F300C5E2A5 /* TheWordGame.xcdatamodel */;
			path = TheWordGame.xcdatamodeld;
			sourceTree = "<group>";
			versionGroupType = wrapper.xcdatamodel;
		};
/* End XCVersionGroup section */
	};
	rootObject = CC3A4B221EB0F3F300C5E2A5 /* Project object */;
}
